<?xml version="1.0" encoding="utf-8"?>
<Project ToolsVersion="4.0" xmlns="http://schemas.microsoft.com/developer/msbuild/2003">
  <ItemGroup>
    <Filter Include="Source Files">
      <UniqueIdentifier>{4FC737F1-C7A5-4376-A066-2A32D752A2FF}</UniqueIdentifier>
      <Extensions>cpp;c;cc;cxx;c++;cppm;ixx;def;odl;idl;hpj;bat;asm;asmx</Extensions>
    </Filter>
    <Filter Include="Header Files">
      <UniqueIdentifier>{93995380-89BD-4b04-88EB-625FBE52EBFB}</UniqueIdentifier>
      <Extensions>h;hh;hpp;hxx;h++;hm;inl;inc;ipp;xsd</Extensions>
    </Filter>
    <Filter Include="Resource Files">
      <UniqueIdentifier>{67DA6AB6-F800-4c08-8B7A-83BB121AAD01}</UniqueIdentifier>
      <Extensions>rc;ico;cur;bmp;dlg;rc2;rct;bin;rgs;gif;jpg;jpeg;jpe;resx;tiff;tif;png;wav;mfcribbon-ms</Extensions>
    </Filter>
    <Filter Include="Header Files\global">
      <UniqueIdentifier>{acc82f19-913e-44b5-85a4-46376296c501}</UniqueIdentifier>
    </Filter>
    <Filter Include="Header Files\window">
      <UniqueIdentifier>{3e0ecec5-6789-472e-adb1-9261f05d7f56}</UniqueIdentifier>
    </Filter>
    <Filter Include="Source Files\global">
      <UniqueIdentifier>{f9e4b407-0138-421d-a224-220bca3b75ca}</UniqueIdentifier>
    </Filter>
    <Filter Include="Source Files\window">
      <UniqueIdentifier>{91f62d04-e3af-424b-8b1a-64a668f16fb3}</UniqueIdentifier>
    </Filter>
    <Filter Include="Header Files\RenderPipeline">
      <UniqueIdentifier>{ba793e79-4025-4e0d-a10e-d70ce9542f22}</UniqueIdentifier>
    </Filter>
    <Filter Include="Source Files\renderPipeline">
      <UniqueIdentifier>{9e03e1be-b76b-4cc9-864f-ecb1849dd59d}</UniqueIdentifier>
    </Filter>
    <Filter Include="Header Files\graphics">
      <UniqueIdentifier>{bbe1014c-945e-4448-b285-615324dc19d1}</UniqueIdentifier>
    </Filter>
    <Filter Include="Source Files\graphics">
      <UniqueIdentifier>{d89c01b0-7b5e-473a-8256-f5f46b0a62bb}</UniqueIdentifier>
    </Filter>
  </ItemGroup>
  <ItemGroup>
    <ClInclude Include="include\Renderer\Renderer.h">
      <Filter>Header Files\global</Filter>
    </ClInclude>
    <ClInclude Include="include\Renderer\Window\Input.h">
      <Filter>Header Files\window</Filter>
    </ClInclude>
    <ClInclude Include="include\Renderer\Window\KeyBindings.h">
      <Filter>Header Files\window</Filter>
    </ClInclude>
    <ClInclude Include="include\Renderer\Window\Window.h">
      <Filter>Header Files\window</Filter>
    </ClInclude>
    <ClInclude Include="include\Renderer\RenderPipeline\RenderPass.h">
      <Filter>Header Files\RenderPipeline</Filter>
    </ClInclude>
    <ClInclude Include="include\Renderer\RenderPipeline\RenderPipeline.h">
      <Filter>Header Files\RenderPipeline</Filter>
    </ClInclude>
    <ClInclude Include="include\Renderer\Graphics\Shader.h">
      <Filter>Header Files\graphics</Filter>
    </ClInclude>
    <ClInclude Include="include\Renderer\RenderPipeline\ColorPass.h">
      <Filter>Header Files\RenderPipeline</Filter>
    </ClInclude>
    <ClInclude Include="include\Renderer\Graphics\ShaderManager.h">
      <Filter>Header Files\graphics</Filter>
    </ClInclude>
    <ClInclude Include="include\Renderer\Graphics\Scene.h">
      <Filter>Header Files\graphics</Filter>
    </ClInclude>
    <ClInclude Include="include\Renderer\Graphics\Renderable.h">
      <Filter>Header Files\graphics</Filter>
    </ClInclude>
    <ClInclude Include="stb_image.h">
      <Filter>Header Files</Filter>
    </ClInclude>
    <ClInclude Include="include\Renderer\Graphics\Mesh.h">
      <Filter>Header Files\graphics</Filter>
    </ClInclude>
    <ClInclude Include="include\Renderer\Graphics\Model.h">
      <Filter>Header Files\graphics</Filter>
    </ClInclude>
    <ClInclude Include="include\Renderer\Graphics\Texture.h">
      <Filter>Header Files\graphics</Filter>
    </ClInclude>
    <ClInclude Include="include\Renderer\Graphics\TextureManager.h">
      <Filter>Header Files\graphics</Filter>
    </ClInclude>
    <ClInclude Include="include\Renderer\Graphics\Camera.h">
      <Filter>Header Files\graphics</Filter>
    </ClInclude>
    <ClInclude Include="include\Renderer\Graphics\Light.h">
      <Filter>Header Files</Filter>
    </ClInclude>
  </ItemGroup>
  <ItemGroup>
    <ClCompile Include="src\Renderer.cpp">
      <Filter>Source Files\global</Filter>
    </ClCompile>
    <ClCompile Include="src\Window\Input.cpp">
      <Filter>Source Files\window</Filter>
    </ClCompile>
    <ClCompile Include="src\Window\KeyBindings.cpp">
      <Filter>Source Files\window</Filter>
    </ClCompile>
    <ClCompile Include="src\Window\Window.cpp">
      <Filter>Source Files\window</Filter>
    </ClCompile>
    <ClCompile Include="src\RenderPipeline\RenderPass.cpp">
      <Filter>Source Files\renderPipeline</Filter>
    </ClCompile>
    <ClCompile Include="src\RenderPipeline\RenderPipeline.cpp">
      <Filter>Source Files\renderPipeline</Filter>
    </ClCompile>
    <ClCompile Include="src\RenderPipeline\ColorPass.cpp">
      <Filter>Source Files\renderPipeline</Filter>
    </ClCompile>
    <ClCompile Include="src\Graphics\Shader.cpp">
      <Filter>Source Files\graphics</Filter>
    </ClCompile>
    <ClCompile Include="src\Graphics\Scene.cpp">
      <Filter>Source Files\graphics</Filter>
    </ClCompile>
    <ClCompile Include="src\Graphics\ShaderManager.cpp">
      <Filter>Source Files\graphics</Filter>
    </ClCompile>
    <ClCompile Include="src\Graphics\Mesh.cpp">
      <Filter>Source Files\graphics</Filter>
    </ClCompile>
    <ClCompile Include="src\Graphics\Model.cpp">
      <Filter>Source Files\graphics</Filter>
    </ClCompile>
    <ClCompile Include="src\Graphics\Texture.cpp">
      <Filter>Source Files\graphics</Filter>
    </ClCompile>
    <ClCompile Include="src\Graphics\TextureManager.cpp">
      <Filter>Source Files\graphics</Filter>
    </ClCompile>
    <ClCompile Include="src\Graphics\Camera.cpp">
      <Filter>Source Files\graphics</Filter>
    </ClCompile>
    <ClCompile Include="..\Externals\GLAD\glad.c">
      <Filter>Source Files</Filter>
    </ClCompile>
  </ItemGroup>
</Project>